
Microsoft Visual Studio Solution File, Format Version 12.00
# Visual Studio Version 16
VisualStudioVersion = 16.0.29102.190
MinimumVisualStudioVersion = 10.0.40219.1
Project("{FAE04EC0-301F-11D3-BF4B-00C04F79EFBC}") = "CookieClickerProject", "CookieClickerProject\CookieClickerProject.csproj", "{376BF002-D2FD-48CF-B05B-CEF39D8A7BAA}"
EndProject
Global
	GlobalSection(SolutionConfigurationPlatforms) = preSolution
		Debug|Any CPU = Debug|Any CPU
		Release|Any CPU = Release|Any CPU
	EndGlobalSection
	GlobalSection(ProjectConfigurationPlatforms) = postSolution
		{376BF002-D2FD-48CF-B05B-CEF39D8A7BAA}.Debug|Any CPU.ActiveCfg = Debug|Any CPU
		{376BF002-D2FD-48CF-B05B-CEF39D8A7BAA}.Debug|Any CPU.Build.0 = Debug|Any CPU
		{376BF002-D2FD-48CF-B05B-CEF39D8A7BAA}.Release|Any CPU.ActiveCfg = Release|Any CPU
		{376BF002-D2FD-48CF-B05B-CEF39D8A7BAA}.Release|Any CPU.Build.0 = Release|Any CPU
	EndGlobalSection
	GlobalSection(SolutionProperties) = preSolution
		HideSolutionNode = FALSE
	EndGlobalSection
	GlobalSection(ExtensibilityGlobals) = postSolution
		SolutionGuid = {8D136F1F-2D61-4096-A271-29E875AE3B62}
	EndGlobalSection
EndGlobal
